{
    "_readme": [
        "This file locks the dependencies of your project to a known state",
        "Read more about it at https://getcomposer.org/doc/01-basic-usage.md#composer-lock-the-lock-file",
        "This file is @generated automatically"
    ],
    "content-hash": "ec9b119ba74dc86e614c457621048fc1",
    "packages": [
        {
            "name": "mindplay/composer-locator",
            "version": "2.1.2",
            "source": {
                "type": "git",
                "url": "https://github.com/mindplay-dk/composer-locator.git",
                "reference": "aa49be073c3beb7185c4660eadb56cd3b144d16b"
            },
            "dist": {
                "type": "zip",
                "url": "https://api.github.com/repos/mindplay-dk/composer-locator/zipball/aa49be073c3beb7185c4660eadb56cd3b144d16b",
                "reference": "aa49be073c3beb7185c4660eadb56cd3b144d16b",
                "shasum": ""
            },
            "require": {
                "composer-plugin-api": "^1",
                "php": ">= 5.4"
            },
            "require-dev": {
                "composer/composer": "^1",
                "mindplay/testies": "^0.3.0",
                "symfony/filesystem": "^2.7 || ^3.0",
                "symfony/process": "^2.7 || ^3.0"
            },
            "type": "composer-plugin",
            "extra": {
                "class": "mindplay\\composer_locator\\Plugin"
            },
            "autoload": {
                "classmap": [
                    "src/ComposerLocator.php",
                    "src/Plugin.php"
                ]
            },
            "notification-url": "https://packagist.org/downloads/",
            "license": [
                "MIT"
            ],
            "description": "Locates Composer package root folders by package name",
            "time": "2017-04-09T16:18:13+00:00"
        }
    ],
    "packages-dev": [],
    "aliases": [],
    "minimum-stability": "stable",
    "stability-flags": [],
    "prefer-stable": false,
    "prefer-lowest": false,
    "platform": [],
    "platform-dev": []
}
